// !$*UTF8*$!
{
	archiveVersion = 1;
	classes = {
	};
	objectVersion = 46;
	objects = {

/* Begin PBXBuildFile section */
		FAE9DB5A1EB8A28B004B2F20 /* AppDelegate.swift in Sources */ = {isa = PBXBuildFile; fileRef = FAE9DB591EB8A28B004B2F20 /* AppDelegate.swift */; };
		FAE9DB5C1EB8A28C004B2F20 /* ViewController.swift in Sources */ = {isa = PBXBuildFile; fileRef = FAE9DB5B1EB8A28C004B2F20 /* ViewController.swift */; };
		FAE9DB5F1EB8A28C004B2F20 /* Main.storyboard in Resources */ = {isa = PBXBuildFile; fileRef = FAE9DB5D1EB8A28C004B2F20 /* Main.storyboard */; };
		FAE9DB611EB8A28C004B2F20 /* Assets.xcassets in Resources */ = {isa = PBXBuildFile; fileRef = FAE9DB601EB8A28C004B2F20 /* Assets.xcassets */; };
		FAE9DB641EB8A28C004B2F20 /* LaunchScreen.storyboard in Resources */ = {isa = PBXBuildFile; fileRef = FAE9DB621EB8A28C004B2F20 /* LaunchScreen.storyboard */; };
/* End PBXBuildFile section */

/* Begin PBXFileReference section */
		FAE9DB561EB8A28B004B2F20 /* Student02052017.app */ = {isa = PBXFileReference; explicitFileType = wrapper.application; includeInIndex = 0; path = Student02052017.app; sourceTree = BUILT_PRODUCTS_DIR; };
		FAE9DB591EB8A28B004B2F20 /* AppDelegate.swift */ = {isa = PBXFileReference; lastKnownFileType = sourcecode.swift; path = AppDelegate.swift; sourceTree = "<group>"; };
		FAE9DB5B1EB8A28C004B2F20 /* ViewController.swift */ = {isa = PBXFileReference; lastKnownFileType = sourcecode.swift; path = ViewController.swift; sourceTree = "<group>"; };
		FAE9DB5E1EB8A28C004B2F20 /* Base */ = {isa = PBXFileReference; lastKnownFileType = file.storyboard; name = Base; path = Base.lproj/Main.storyboard; sourceTree = "<group>"; };
		FAE9DB601EB8A28C004B2F20 /* Assets.xcassets */ = {isa = PBXFileReference; lastKnownFileType = folder.assetcatalog; path = Assets.xcassets; sourceTree = "<group>"; };
		FAE9DB631EB8A28C004B2F20 /* Base */ = {isa = PBXFileReference; lastKnownFileType = file.storyboard; name = Base; path = Base.lproj/LaunchScreen.storyboard; sourceTree = "<group>"; };
		FAE9DB651EB8A28C004B2F20 /* Info.plist */ = {isa = PBXFileReference; lastKnownFileType = text.plist.xml; path = Info.plist; sourceTree = "<group>"; };
/* End PBXFileReference section */

/* Begin PBXFrameworksBuildPhase section */
		FAE9DB531EB8A28B004B2F20 /* Frameworks */ = {
			isa = PBXFrameworksBuildPhase;
			buildActionMask = 2147483647;
			files = (
			);
			runOnlyForDeploymentPostprocessing = 0;
		};
/* End PBXFrameworksBuildPhase section */

/* Begin PBXGroup section */
		FAE9DB4D1EB8A28B004B2F20 = {
			isa = PBXGroup;
			children = (
				FAE9DB581EB8A28B004B2F20 /* Student02052017 */,
				FAE9DB571EB8A28B004B2F20 /* Products */,
			);
			sourceTree = "<group>";
		};
		FAE9DB571EB8A28B004B2F20 /* Products */ = {
			isa = PBXGroup;
			children = (
				FAE9DB561EB8A28B004B2F20 /* Student02052017.app */,
			);
			name = Products;
			sourceTree = "<group>";
		};
		FAE9DB581EB8A28B004B2F20 /* Student02052017 */ = {
			isa = PBXGroup;
			children = (
				FAE9DB591EB8A28B004B2F20 /* AppDelegate.swift */,
				FAE9DB5B1EB8A28C004B2F20 /* ViewController.swift */,
				FAE9DB5D1EB8A28C004B2F20 /* Main.storyboard */,
				FAE9DB601EB8A28C004B2F20 /* Assets.xcassets */,
				FAE9DB621EB8A28C004B2F20 /* LaunchScreen.storyboard */,
				FAE9DB651EB8A28C004B2F20 /* Info.plist */,
			);
			path = Student02052017;
			sourceTree = "<group>";
		};
/* End PBXGroup section */

/* Begin PBXNativeTarget section */
		FAE9DB551EB8A28B004B2F20 /* Student02052017 */ = {
			isa = PBXNativeTarget;
			buildConfigurationList = FAE9DB681EB8A28C004B2F20 /* Build configuration list for PBXNativeTarget "Student02052017" */;
			buildPhases = (
				FAE9DB521EB8A28B004B2F20 /* Sources */,
				FAE9DB531EB8A28B004B2F20 /* Frameworks */,
				FAE9DB541EB8A28B004B2F20 /* Resources */,
			);
			buildRules = (
			);
			dependencies = (
			);
			name = Student02052017;
			productName = Student02052017;
			productReference = FAE9DB561EB8A28B004B2F20 /* Student02052017.app */;
			productType = "com.apple.product-type.application";
		};
/* End PBXNativeTarget section */

/* Begin PBXProject section */
		FAE9DB4E1EB8A28B004B2F20 /* Project object */ = {
			isa = PBXProject;
			attributes = {
				LastSwiftUpdateCheck = 0830;
				LastUpgradeCheck = 0830;
				ORGANIZATIONNAME = AlexanderYakovenko;
				TargetAttributes = {
					FAE9DB551EB8A28B004B2F20 = {
						CreatedOnToolsVersion = 8.3.1;
						ProvisioningStyle = Automatic;
					};
				};
			};
			buildConfigurationList = FAE9DB511EB8A28B004B2F20 /* Build configuration list for PBXProject "Student02052017" */;
			compatibilityVersion = "Xcode 3.2";
			developmentRegion = English;
			hasScannedForEncodings = 0;
			knownRegions = (
				en,
				Base,
			);
			mainGroup = FAE9DB4D1EB8A28B004B2F20;
			productRefGroup = FAE9DB571EB8A28B004B2F20 /* Products */;
			projectDirPath = "";
			projectRoot = "";
			targets = (
				FAE9DB551EB8A28B004B2F20 /* Student02052017 */,
			);
		};
/* End PBXProject section */

/* Begin PBXResourcesBuildPhase section */
		FAE9DB541EB8A28B004B2F20 /* Resources */ = {
			isa = PBXResourcesBuildPhase;
			buildActionMask = 2147483647;
			files = (
				FAE9DB641EB8A28C004B2F20 /* LaunchScreen.storyboard in Resources */,
				FAE9DB611EB8A28C004B2F20 /* Assets.xcassets in Resources */,
				FAE9DB5F1EB8A28C004B2F20 /* Main.storyboard in Resources */,
			);
			runOnlyForDeploymentPostprocessing = 0;
		};
/* End PBXResourcesBuildPhase section */

/* Begin PBXSourcesBuildPhase section */
		FAE9DB521EB8A28B004B2F20 /* Sources */ = {
			isa = PBXSourcesBuildPhase;
			buildActionMask = 2147483647;
			files = (
				FAE9DB5C1EB8A28C004B2F20 /* ViewController.swift in Sources */,
				FAE9DB5A1EB8A28B004B2F20 /* AppDelegate.swift in Sources */,
			);
			runOnlyForDeploymentPostprocessing = 0;
		};
/* End PBXSourcesBuildPhase section */

/* Begin PBXVariantGroup section */
		FAE9DB5D1EB8A28C004B2F20 /* Main.storyboard */ = {
			isa = PBXVariantGroup;
			children = (
				FAE9DB5E1EB8A28C004B2F20 /* Base */,
			);
			name = Main.storyboard;
			sourceTree = "<group>";
		};
		FAE9DB621EB8A28C004B2F20 /* LaunchScreen.storyboard */ = {
			isa = PBXVariantGroup;
			children = (
				FAE9DB631EB8A28C004B2F20 /* Base */,
			);
			name = LaunchScreen.storyboard;
			sourceTree = "<group>";
		};
/* End PBXVariantGroup section */

/* Begin XCBuildConfiguration section */
		FAE9DB661EB8A28C004B2F20 /* Debug */ = {
			isa = XCBuildConfiguration;
			buildSettings = {
				ALWAYS_SEARCH_USER_PATHS = NO;
				CLANG_ANALYZER_NONNULL = YES;
				CLANG_ANALYZER_NUMBER_OBJECT_CONVERSION = YES_AGGRESSIVE;
				CLANG_CXX_LANGUAGE_STANDARD = "gnu++0x";
				CLANG_CXX_LIBRARY = "libc++";
				CLANG_ENABLE_MODULES = YES;
				CLANG_ENABLE_OBJC_ARC = YES;
				CLANG_WARN_BOOL_CONVERSION = YES;
				CLANG_WARN_CONSTANT_CONVERSION = YES;
				CLANG_WARN_DIRECT_OBJC_ISA_USAGE = YES_ERROR;
				CLANG_WARN_DOCUMENTATION_COMMENTS = YES;
				CLANG_WARN_EMPTY_BODY = YES;
				CLANG_WARN_ENUM_CONVERSION = YES;
				CLANG_WARN_INFINITE_RECURSION = YES;
				CLANG_WARN_INT_CONVERSION = YES;
				CLANG_WARN_OBJC_ROOT_CLASS = YES_ERROR;
				CLANG_WARN_SUSPICIOUS_MOVE = YES;
				CLANG_WARN_UNREACHABLE_CODE = YES;
				CLANG_WARN__DUPLICATE_METHOD_MATCH = YES;
				"CODE_SIGN_IDENTITY[sdk=iphoneos*]" = "iPhone Developer";
				COPY_PHASE_STRIP = NO;
				DEBUG_INFORMATION_FORMAT = dwarf;
				ENABLE_STRICT_OBJC_MSGSEND = YES;
				ENABLE_TESTABILITY = YES;
				GCC_C_LANGUAGE_STANDARD = gnu99;
				GCC_DYNAMIC_NO_PIC = NO;
				GCC_NO_COMMON_BLOCKS = YES;
				GCC_OPTIMIZATION_LEVEL = 0;
				GCC_PREPROCESSOR_DEFINITIONS = (
					"DEBUG=1",
					"$(inherited)",
				);
				GCC_WARN_64_TO_32_BIT_CONVERSION = YES;
				GCC_WARN_ABOUT_RETURN_TYPE = YES_ERROR;
				GCC_WARN_UNDECLARED_SELECTOR = YES;
				GCC_WARN_UNINITIALIZED_AUTOS = YES_AGGRESSIVE;
				GCC_WARN_UNUSED_FUNCTION = YES;
				GCC_WARN_UNUSED_VARIABLE = YES;
				IPHONEOS_DEPLOYMENT_TARGET = 10.3;
				MTL_ENABLE_DEBUG_INFO = YES;
				ONLY_ACTIVE_ARCH = YES;
				SDKROOT = iphoneos;
				SWIFT_ACTIVE_COMPILATION_CONDITIONS = DEBUG;
				SWIFT_OPTIMIZATION_LEVEL = "-Onone";
			};
			name = Debug;
		};
		FAE9DB671EB8A28C004B2F20 /* Release */ = {
			isa = XCBuildConfiguration;
			buildSettings = {
				ALWAYS_SEARCH_USER_PATHS = NO;
				CLANG_ANALYZER_NONNULL = YES;
				CLANG_ANALYZER_NUMBER_OBJECT_CONVERSION = YES_AGGRESSIVE;
				CLANG_CXX_LANGUAGE_STANDARD = "gnu++0x";
				CLANG_CXX_LIBRARY = "libc++";
				CLANG_ENABLE_MODULES = YES;
				CLANG_ENABLE_OBJC_ARC = YES;
				CLANG_WARN_BOOL_CONVERSION = YES;
				CLANG_WARN_CONSTANT_CONVERSION = YES;
				CLANG_WARN_DIRECT_OBJC_ISA_USAGE = YES_ERROR;
				CLANG_WARN_DOCUMENTATION_COMMENTS = YES;
				CLANG_WARN_EMPTY_BODY = YES;
				CLANG_WARN_ENUM_CONVERSION = YES;
				CLANG_WARN_INFINITE_RECURSION = YES;
				CLANG_WARN_INT_CONVERSION = YES;
				CLANG_WARN_OBJC_ROOT_CLASS = YES_ERROR;
				CLANG_WARN_SUSPICIOUS_MOVE = YES;
				CLANG_WARN_UNREACHABLE_CODE = YES;
				CLANG_WARN__DUPLICATE_METHOD_MATCH = YES;
				"CODE_SIGN_IDENTITY[sdk=iphoneos*]" = "iPhone Developer";
				COPY_PHASE_STRIP = NO;
				DEBUG_INFORMATION_FORMAT = "dwarf-with-dsym";
				ENABLE_NS_ASSERTIONS = NO;
				ENABLE_STRICT_OBJC_MSGSEND = YES;
				GCC_C_LANGUAGE_STANDARD = gnu99;
				GCC_NO_COMMON_BLOCKS = YES;
				GCC_WARN_64_TO_32_BIT_CONVERSION = YES;
				GCC_WARN_ABOUT_RETURN_TYPE = YES_ERROR;
				GCC_WARN_UNDECLARED_SELECTOR = YES;
				GCC_WARN_UNINITIALIZED_AUTOS = YES_AGGRESSIVE;
				GCC_WARN_UNUSED_FUNCTION = YES;
				GCC_WARN_UNUSED_VARIABLE = YES;
				IPHONEOS_DEPLOYMENT_TARGET = 10.3;
				MTL_ENABLE_DEBUG_INFO = NO;
				SDKROOT = iphoneos;
				SWIFT_OPTIMIZATION_LEVEL = "-Owholemodule";
				VALIDATE_PRODUCT = YES;
			};
			name = Release;
		};
		FAE9DB691EB8A28C004B2F20 /* Debug */ = {
			isa = XCBuildConfiguration;
			buildSettings = {
				ASSETCATALOG_COMPILER_APPICON_NAME = AppIcon;
				INFOPLIST_FILE = Student02052017/Info.plist;
				LD_RUNPATH_SEARCH_PATHS = "$(inherited) @executable_path/Frameworks";
				PRODUCT_BUNDLE_IDENTIFIER = Alex.Student02052017;
				PRODUCT_NAME = "$(TARGET_NAME)";
				SWIFT_VERSION = 3.0;
			};
			name = Debug;
		};
		FAE9DB6A1EB8A28C004B2F20 /* Release */ = {
			isa = XCBuildConfiguration;
			buildSettings = {
				ASSETCATALOG_COMPILER_APPICON_NAME = AppIcon;
				INFOPLIST_FILE = Student02052017/Info.plist;
				LD_RUNPATH_SEARCH_PATHS = "$(inherited) @executable_path/Frameworks";
				PRODUCT_BUNDLE_IDENTIFIER = Alex.Student02052017;
				PRODUCT_NAME = "$(TARGET_NAME)";
				SWIFT_VERSION = 3.0;
			};
			name = Release;
		};
/* End XCBuildConfiguration section */

/* Begin XCConfigurationList section */
		FAE9DB511EB8A28B004B2F20 /* Build configuration list for PBXProject "Student02052017" */ = {
			isa = XCConfigurationList;
			buildConfigurations = (
				FAE9DB661EB8A28C004B2F20 /* Debug */,
				FAE9DB671EB8A28C004B2F20 /* Release */,
			);
			defaultConfigurationIsVisible = 0;
			defaultConfigurationName = Release;
		};
		FAE9DB681EB8A28C004B2F20 /* Build configuration list for PBXNativeTarget "Student02052017" */ = {
			isa = XCConfigurationList;
			buildConfigurations = (
				FAE9DB691EB8A28C004B2F20 /* Debug */,
				FAE9DB6A1EB8A28C004B2F20 /* Release */,
			);
			defaultConfigurationIsVisible = 0;
		};
/* End XCConfigurationList section */
	};
	rootObject = FAE9DB4E1EB8A28B004B2F20 /* Project object */;
}
